
Microsoft Visual Studio Solution File, Format Version 12.00
# Visual Studio Version 17
VisualStudioVersion = 17.11.35303.130
MinimumVisualStudioVersion = 10.0.40219.1
Project("{FAE04EC0-301F-11D3-BF4B-00C04F79EFBC}") = "GitDemo", "GitDemo\GitDemo.csproj", "{44C641DF-ACBC-457C-A881-5DCB621FCC16}"
EndProject
Global
	GlobalSection(SolutionConfigurationPlatforms) = preSolution
		Debug|Any CPU = Debug|Any CPU
		Release|Any CPU = Release|Any CPU
	EndGlobalSection
	GlobalSection(ProjectConfigurationPlatforms) = postSolution
		{44C641DF-ACBC-457C-A881-5DCB621FCC16}.Debug|Any CPU.ActiveCfg = Debug|Any CPU
		{44C641DF-ACBC-457C-A881-5DCB621FCC16}.Debug|Any CPU.Build.0 = Debug|Any CPU
		{44C641DF-ACBC-457C-A881-5DCB621FCC16}.Release|Any CPU.ActiveCfg = Release|Any CPU
		{44C641DF-ACBC-457C-A881-5DCB621FCC16}.Release|Any CPU.Build.0 = Release|Any CPU
	EndGlobalSection
	GlobalSection(SolutionProperties) = preSolution
		HideSolutionNode = FALSE
	EndGlobalSection
	GlobalSection(ExtensibilityGlobals) = postSolution
		SolutionGuid = {B98E6D55-178B-409F-A984-963F6790653B}
	EndGlobalSection
EndGlobal
